
Microsoft Visual Studio Solution File, Format Version 12.00
# Visual Studio Version 17
VisualStudioVersion = 17.13.35931.197
MinimumVisualStudioVersion = 10.0.40219.1
Project("{FAE04EC0-301F-11D3-BF4B-00C04F79EFBC}") = "programing", "programing.csproj", "{3D5F3C01-F4DD-4168-A249-671D977033DD}"
EndProject
Global
	GlobalSection(SolutionConfigurationPlatforms) = preSolution
		Debug|Any CPU = Debug|Any CPU
		Release|Any CPU = Release|Any CPU
	EndGlobalSection
	GlobalSection(ProjectConfigurationPlatforms) = postSolution
		{3D5F3C01-F4DD-4168-A249-671D977033DD}.Debug|Any CPU.ActiveCfg = Debug|Any CPU
		{3D5F3C01-F4DD-4168-A249-671D977033DD}.Debug|Any CPU.Build.0 = Debug|Any CPU
		{3D5F3C01-F4DD-4168-A249-671D977033DD}.Release|Any CPU.ActiveCfg = Release|Any CPU
		{3D5F3C01-F4DD-4168-A249-671D977033DD}.Release|Any CPU.Build.0 = Release|Any CPU
	EndGlobalSection
	GlobalSection(SolutionProperties) = preSolution
		HideSolutionNode = FALSE
	EndGlobalSection
	GlobalSection(ExtensibilityGlobals) = postSolution
		SolutionGuid = {C8C61F1A-3181-4712-AF26-EEA8818CDA7C}
	EndGlobalSection
EndGlobal
